
Microsoft Visual Studio Solution File, Format Version 12.00
# Visual Studio 2013
VisualStudioVersion = 12.0.30501.0
MinimumVisualStudioVersion = 10.0.40219.1
Project("{A0786B88-2ADB-4C21-ABE8-AA2D79766269}") = "PHPConsoleProject", "PHPConsoleProject\PHPConsoleProject.phpproj", "{6025C4A0-6E13-4C08-BC02-1ED6C42974BE}"
EndProject
Global
	GlobalSection(SolutionConfigurationPlatforms) = preSolution
		Debug|Any CPU = Debug|Any CPU
		Release|Any CPU = Release|Any CPU
	EndGlobalSection
	GlobalSection(ProjectConfigurationPlatforms) = postSolution
		{6025C4A0-6E13-4C08-BC02-1ED6C42974BE}.Debug|Any CPU.ActiveCfg = Debug|Any CPU
		{6025C4A0-6E13-4C08-BC02-1ED6C42974BE}.Debug|Any CPU.Build.0 = Debug|Any CPU
		{6025C4A0-6E13-4C08-BC02-1ED6C42974BE}.Release|Any CPU.ActiveCfg = Release|Any CPU
		{6025C4A0-6E13-4C08-BC02-1ED6C42974BE}.Release|Any CPU.Build.0 = Release|Any CPU
	EndGlobalSection
	GlobalSection(SolutionProperties) = preSolution
		HideSolutionNode = FALSE
	EndGlobalSection
EndGlobal
